
Microsoft Visual Studio Solution File, Format Version 12.00
# Visual Studio Version 17
VisualStudioVersion = 17.14.37411.7 d17.14
MinimumVisualStudioVersion = 10.0.40219.1
Project("{FAE04EC0-301F-11D3-BF4B-00C04F79EFBC}") = "TempData", "TempData\TempData.csproj", "{5576D6F8-3B41-43AF-9706-8E213FD3D835}"
EndProject
Global
	GlobalSection(SolutionConfigurationPlatforms) = preSolution
		Debug|Any CPU = Debug|Any CPU
		Release|Any CPU = Release|Any CPU
	EndGlobalSection
	GlobalSection(ProjectConfigurationPlatforms) = postSolution
		{5576D6F8-3B41-43AF-9706-8E213FD3D835}.Debug|Any CPU.ActiveCfg = Debug|Any CPU
		{5576D6F8-3B41-43AF-9706-8E213FD3D835}.Debug|Any CPU.Build.0 = Debug|Any CPU
		{5576D6F8-3B41-43AF-9706-8E213FD3D835}.Release|Any CPU.ActiveCfg = Release|Any CPU
		{5576D6F8-3B41-43AF-9706-8E213FD3D835}.Release|Any CPU.Build.0 = Release|Any CPU
	EndGlobalSection
	GlobalSection(SolutionProperties) = preSolution
		HideSolutionNode = FALSE
	EndGlobalSection
	GlobalSection(ExtensibilityGlobals) = postSolution
		SolutionGuid = {79361995-0558-412D-87E1-1C5E58298281}
	EndGlobalSection
EndGlobal
