
Microsoft Visual Studio Solution File, Format Version 12.00
# Visual Studio Version 17
VisualStudioVersion = 17.14.37411.7 d17.14
MinimumVisualStudioVersion = 10.0.40219.1
Project("{FAE04EC0-301F-11D3-BF4B-00C04F79EFBC}") = "ASP.NETWebApp2", "ASP.NETWebApp2\ASP.NETWebApp2.csproj", "{6070A6AA-1A4A-4275-B578-9FE0A925FB7D}"
EndProject
Global
	GlobalSection(SolutionConfigurationPlatforms) = preSolution
		Debug|Any CPU = Debug|Any CPU
		Release|Any CPU = Release|Any CPU
	EndGlobalSection
	GlobalSection(ProjectConfigurationPlatforms) = postSolution
		{6070A6AA-1A4A-4275-B578-9FE0A925FB7D}.Debug|Any CPU.ActiveCfg = Debug|Any CPU
		{6070A6AA-1A4A-4275-B578-9FE0A925FB7D}.Debug|Any CPU.Build.0 = Debug|Any CPU
		{6070A6AA-1A4A-4275-B578-9FE0A925FB7D}.Release|Any CPU.ActiveCfg = Release|Any CPU
		{6070A6AA-1A4A-4275-B578-9FE0A925FB7D}.Release|Any CPU.Build.0 = Release|Any CPU
	EndGlobalSection
	GlobalSection(SolutionProperties) = preSolution
		HideSolutionNode = FALSE
	EndGlobalSection
	GlobalSection(ExtensibilityGlobals) = postSolution
		SolutionGuid = {CB653538-71DA-49D9-B093-36304CEBDA19}
	EndGlobalSection
EndGlobal
